# This file is automatically @generated by Poetry 2.1.3 and should not be changed by hand.

[[package]]
name = "asttokens"
version = "3.0.0"
description = "Annotate AST trees with source code positions"
optional = false
python-versions = ">=3.8"
groups = ["main"]
files = [
    {file = "asttokens-3.0.0-py3-none-any.whl", hash = "sha256:e3078351a059199dd5138cb1c706e6430c05eff2ff136af5eb4790f9d28932e2"},
    {file = "asttokens-3.0.0.tar.gz", hash = "sha256:0dcd8baa8d62b0c1d118b399b2ddba3c4aff271d0d7a9e0d4c1681c79035bbc7"},
]

[package.extras]
astroid = ["astroid (>=2,<4)"]
test = ["astroid (>=2,<4)", "pytest", "pytest-cov", "pytest-xdist"]

[[package]]
name = "cocotb"
version = "1.9.2"
description = "cocotb is a coroutine based cosimulation library for writing VHDL and Verilog testbenches in Python."
optional = false
python-versions = ">=3.6"
groups = ["main"]
files = [
    {file = "cocotb-1.9.2-cp310-cp310-macosx_10_9_x86_64.whl", hash = "sha256:25396c1650eb9002dbebe013f8c3fad64b1646e4b2ff06f953cf2f8aac51b7d2"},
    {file = "cocotb-1.9.2-cp310-cp310-manylinux_2_17_x86_64.manylinux2014_x86_64.whl", hash = "sha256:47f82e32c2485ae953f482d1e19f227c7c95b05bb5542eee2b4c4250d787df64"},
    {file = "cocotb-1.9.2-cp310-cp310-manylinux_2_5_i686.manylinux1_i686.manylinux_2_17_i686.manylinux2014_i686.whl", hash = "sha256:940ca22d386962bc538e4aa2c94d50a23e83758f6d0b721aabb67760d37dedea"},
    {file = "cocotb-1.9.2-cp310-cp310-win32.whl", hash = "sha256:4ee9f6a3cdebf88ecec9a69789111559260898dcbebffff11593076f4cbf29c9"},
    {file = "cocotb-1.9.2-cp310-cp310-win_amd64.whl", hash = "sha256:6901bb667ad3ffd0233558c496691062c72f30f0cb9686e86ca05bf3019d0ee0"},
    {file = "cocotb-1.9.2-cp311-cp311-macosx_10_9_x86_64.whl", hash = "sha256:ac8cef8162a01369cbb6428b5d252274fe8a6bcae360fb68ba12dcda344b468a"},
    {file = "cocotb-1.9.2-cp311-cp311-manylinux_2_17_x86_64.manylinux2014_x86_64.whl", hash = "sha256:57fb05bc1bf79f92964d3a633153056bd885538dac9c2f5d3a724e83cdc65d51"},
    {file = "cocotb-1.9.2-cp311-cp311-manylinux_2_5_i686.manylinux1_i686.manylinux_2_17_i686.manylinux2014_i686.whl", hash = "sha256:08c6dc004324b36015975b14aa24dca3cf1ac771d0ddd9ccacdcf4af7c77c3e1"},
    {file = "cocotb-1.9.2-cp311-cp311-win32.whl", hash = "sha256:d2b28fb592586cf210243bacf3c53be5c5ca383555aafc8619605f34529bfae0"},
    {file = "cocotb-1.9.2-cp311-cp311-win_amd64.whl", hash = "sha256:7f171a4eb095b45556275fba414785eaf7b41937690a93dc0dfa8f568e699687"},
    {file = "cocotb-1.9.2-cp312-cp312-macosx_10_9_x86_64.whl", hash = "sha256:17c19553dbc5442f079495a2fd6e8fc7924cd9c527ae0d5c92d864f12d3ed865"},
    {file = "cocotb-1.9.2-cp312-cp312-manylinux_2_17_x86_64.manylinux2014_x86_64.whl", hash = "sha256:ff2460fb60444bfbe28a8119aad7f7297a97b53356426f03d0cdee2b90d3bc1a"},
    {file = "cocotb-1.9.2-cp312-cp312-manylinux_2_5_i686.manylinux1_i686.manylinux_2_17_i686.manylinux2014_i686.whl", hash = "sha256:5a2333ee6e5f2316c425e501ea9a116439cf8f08ceb8816c762842fe88ea9748"},
    {file = "cocotb-1.9.2-cp312-cp312-win32.whl", hash = "sha256:85d175f6e6054f3d046903790fe61ccf454e1a5e39392682c728a3418be935cf"},
    {file = "cocotb-1.9.2-cp312-cp312-win_amd64.whl", hash = "sha256:42fde03b858cd84e0284d9cee6bf34cc0892167921bd1da100abf181ac5e2ea4"},
    {file = "cocotb-1.9.2-cp313-cp313-macosx_10_13_x86_64.whl", hash = "sha256:a60f6b3c4e4f5e9265a18c86927af1d773fb79b32edf577ce2ba8d59d74acafc"},
    {file = "cocotb-1.9.2-cp313-cp313-manylinux_2_17_x86_64.manylinux2014_x86_64.whl", hash = "sha256:9cc00e5ddf5fea392a8a3406869396c7e5a736a08afc8e0fe45ad159151438ba"},
    {file = "cocotb-1.9.2-cp313-cp313-manylinux_2_5_i686.manylinux1_i686.manylinux_2_17_i686.manylinux2014_i686.whl", hash = "sha256:6264826ee4dd6acc678dd2572f3cd683da6a48013af82de81bf8a45b5e064b8e"},
    {file = "cocotb-1.9.2-cp313-cp313-win32.whl", hash = "sha256:7cdb25ca9dd2483d96f30b1cf3c070e4a6527d43e0af2d66660de29727c81cd4"},
    {file = "cocotb-1.9.2-cp313-cp313-win_amd64.whl", hash = "sha256:c816972ec4b3360372075fb0563cf98e8ad7d0f158e8dfe3165824936383a888"},
    {file = "cocotb-1.9.2-cp36-cp36m-macosx_10_9_x86_64.whl", hash = "sha256:88b782bd94aa7c248bdafda9df6e9880e257b22adc39947f6f95f98147131d58"},
    {file = "cocotb-1.9.2-cp36-cp36m-manylinux_2_5_i686.manylinux1_i686.whl", hash = "sha256:bc1939471c01fb31095f8566ed04ea35b54ab78fede6eb4ebfb4e473cb00c4b0"},
    {file = "cocotb-1.9.2-cp36-cp36m-manylinux_2_5_x86_64.manylinux1_x86_64.whl", hash = "sha256:0236a9d71a055ceaee0a3dac025445ce57a1bc3cd6343a678c0d589653146f5a"},
    {file = "cocotb-1.9.2-cp36-cp36m-win32.whl", hash = "sha256:bf0ef0540999be4a71383ab47bcd7814532f18ebf659fdd1283f4d2bf3eb7340"},
    {file = "cocotb-1.9.2-cp36-cp36m-win_amd64.whl", hash = "sha256:391d15b2cf577f18089e723f94498015dc2590d18c0599dd4dac235e8894c37a"},
    {file = "cocotb-1.9.2-cp37-cp37m-macosx_10_9_x86_64.whl", hash = "sha256:4f0e52c1efc17a0c4d185d2a7441e54da29b2c04878a9e299b87df2367c25f3c"},
    {file = "cocotb-1.9.2-cp37-cp37m-manylinux_2_17_x86_64.manylinux2014_x86_64.whl", hash = "sha256:4be2dba2048ab8762bf6db1732ca171d51366b9b619526a7711514da908055a7"},
    {file = "cocotb-1.9.2-cp37-cp37m-manylinux_2_5_i686.manylinux1_i686.manylinux_2_17_i686.manylinux2014_i686.whl", hash = "sha256:f2082ba26a627732c12ea5a0db99daf2120ef809af1447e0ac483f48a5a7c934"},
    {file = "cocotb-1.9.2-cp37-cp37m-win32.whl", hash = "sha256:8852642ebc058f34212f67ccedfcd4af4df2c4ddfada6a152af01a1dda1d86e7"},
    {file = "cocotb-1.9.2-cp37-cp37m-win_amd64.whl", hash = "sha256:0e9ae50fa48ccbcc14bc97c41a190d872265d70aba42cda7d8e717abcc3fa07a"},
    {file = "cocotb-1.9.2-cp38-cp38-macosx_10_9_x86_64.whl", hash = "sha256:23310e7d6cb11ca54cd70f4246a47870308e900717a7df63f5c598b09ef9982d"},
    {file = "cocotb-1.9.2-cp38-cp38-manylinux_2_17_x86_64.manylinux2014_x86_64.whl", hash = "sha256:c560897f7577e8e260bf517f72beec811dc8f45300fa42fec32b12156cab2939"},
    {file = "cocotb-1.9.2-cp38-cp38-manylinux_2_5_i686.manylinux1_i686.manylinux_2_17_i686.manylinux2014_i686.whl", hash = "sha256:e6450edbaa2e2f761655c843a0a710c7094abb78b2af3c0e50d7fe0f9a289207"},
    {file = "cocotb-1.9.2-cp38-cp38-win32.whl", hash = "sha256:e0a594a9aaf4e88fd92817a8c1487193fec7b735cffb65e0210454f8847fb04c"},
    {file = "cocotb-1.9.2-cp38-cp38-win_amd64.whl", hash = "sha256:f7f35f7e272142df87c794c7f10fc4fb603a3e199cb74f99b6abd9d552a63249"},
    {file = "cocotb-1.9.2-cp39-cp39-macosx_10_9_x86_64.whl", hash = "sha256:504a0926cf07f59dfce3141d58ce0d20bc4ecafdd7adc3153b6b4ba2e62ed52a"},
    {file = "cocotb-1.9.2-cp39-cp39-manylinux_2_17_x86_64.manylinux2014_x86_64.whl", hash = "sha256:df0aef26de38326440395edf5f2dddd11254a0cfa121151e89095cc5c75c9564"},
    {file = "cocotb-1.9.2-cp39-cp39-manylinux_2_5_i686.manylinux1_i686.manylinux_2_17_i686.manylinux2014_i686.whl", hash = "sha256:349ff4ac56e3d07c49f1b38426461c2e0239e603c5a3e6bc1221d01774c97656"},
    {file = "cocotb-1.9.2-cp39-cp39-win32.whl", hash = "sha256:bcaa79fc55e68f1769c381f494b5c35fce7a597aa660c420a1e9015acf95b263"},
    {file = "cocotb-1.9.2-cp39-cp39-win_amd64.whl", hash = "sha256:58bf87c7c71ba8c8e8f217aaf41841951aea10efe57d824eb32596b8fb47d18e"},
    {file = "cocotb-1.9.2.tar.gz", hash = "sha256:e4cdeaf51ec1b14e5430083ac56edc0b48ad05184f0307d90de44ff7bfdb1652"},
]

[package.dependencies]
find-libpython = "*"

[package.extras]
bus = ["cocotb-bus"]

[[package]]
name = "colorama"
version = "0.4.6"
description = "Cross-platform colored terminal text."
optional = false
python-versions = "!=3.0.*,!=3.1.*,!=3.2.*,!=3.3.*,!=3.4.*,!=3.5.*,!=3.6.*,>=2.7"
groups = ["main"]
files = [
    {file = "colorama-0.4.6-py2.py3-none-any.whl", hash = "sha256:4f1d9991f5acc0ca119f9d443620b77f9d6b33703e51011c16baf57afb285fc6"},
    {file = "colorama-0.4.6.tar.gz", hash = "sha256:08695f5cb7ed6e0531a20572697297273c47b8cae5a63ffc6d6ed5c201be6e44"},
]

[[package]]
name = "coverage"
version = "7.8.2"
description = "Code coverage measurement for Python"
optional = false
python-versions = ">=3.9"
groups = ["main"]
files = [
    {file = "coverage-7.8.2-cp310-cp310-macosx_10_9_x86_64.whl", hash = "sha256:bd8ec21e1443fd7a447881332f7ce9d35b8fbd2849e761bb290b584535636b0a"},
    {file = "coverage-7.8.2-cp310-cp310-macosx_11_0_arm64.whl", hash = "sha256:4c26c2396674816deaeae7ded0e2b42c26537280f8fe313335858ffff35019be"},
    {file = "coverage-7.8.2-cp310-cp310-manylinux_2_17_aarch64.manylinux2014_aarch64.whl", hash = "sha256:1aec326ed237e5880bfe69ad41616d333712c7937bcefc1343145e972938f9b3"},
    {file = "coverage-7.8.2-cp310-cp310-manylinux_2_5_i686.manylinux1_i686.manylinux_2_17_i686.manylinux2014_i686.whl", hash = "sha256:5e818796f71702d7a13e50c70de2a1924f729228580bcba1607cccf32eea46e6"},
    {file = "coverage-7.8.2-cp310-cp310-manylinux_2_5_x86_64.manylinux1_x86_64.manylinux_2_17_x86_64.manylinux2014_x86_64.whl", hash = "sha256:546e537d9e24efc765c9c891328f30f826e3e4808e31f5d0f87c4ba12bbd1622"},
    {file = "coverage-7.8.2-cp310-cp310-musllinux_1_2_aarch64.whl", hash = "sha256:ab9b09a2349f58e73f8ebc06fac546dd623e23b063e5398343c5270072e3201c"},
    {file = "coverage-7.8.2-cp310-cp310-musllinux_1_2_i686.whl", hash = "sha256:fd51355ab8a372d89fb0e6a31719e825cf8df8b6724bee942fb5b92c3f016ba3"},
    {file = "coverage-7.8.2-cp310-cp310-musllinux_1_2_x86_64.whl", hash = "sha256:0774df1e093acb6c9e4d58bce7f86656aeed6c132a16e2337692c12786b32404"},
    {file = "coverage-7.8.2-cp310-cp310-win32.whl", hash = "sha256:00f2e2f2e37f47e5f54423aeefd6c32a7dbcedc033fcd3928a4f4948e8b96af7"},
    {file = "coverage-7.8.2-cp310-cp310-win_amd64.whl", hash = "sha256:145b07bea229821d51811bf15eeab346c236d523838eda395ea969d120d13347"},
    {file = "coverage-7.8.2-cp311-cp311-macosx_10_9_x86_64.whl", hash = "sha256:b99058eef42e6a8dcd135afb068b3d53aff3921ce699e127602efff9956457a9"},
    {file = "coverage-7.8.2-cp311-cp311-macosx_11_0_arm64.whl", hash = "sha256:5feb7f2c3e6ea94d3b877def0270dff0947b8d8c04cfa34a17be0a4dc1836879"},
    {file = "coverage-7.8.2-cp311-cp311-manylinux_2_17_aarch64.manylinux2014_aarch64.whl", hash = "sha256:670a13249b957bb9050fab12d86acef7bf8f6a879b9d1a883799276e0d4c674a"},
    {file = "coverage-7.8.2-cp311-cp311-manylinux_2_5_i686.manylinux1_i686.manylinux_2_17_i686.manylinux2014_i686.whl", hash = "sha256:0bdc8bf760459a4a4187b452213e04d039990211f98644c7292adf1e471162b5"},
    {file = "coverage-7.8.2-cp311-cp311-manylinux_2_5_x86_64.manylinux1_x86_64.manylinux_2_17_x86_64.manylinux2014_x86_64.whl", hash = "sha256:07a989c867986c2a75f158f03fdb413128aad29aca9d4dbce5fc755672d96f11"},
    {file = "coverage-7.8.2-cp311-cp311-musllinux_1_2_aarch64.whl", hash = "sha256:2db10dedeb619a771ef0e2949ccba7b75e33905de959c2643a4607bef2f3fb3a"},
    {file = "coverage-7.8.2-cp311-cp311-musllinux_1_2_i686.whl", hash = "sha256:e6ea7dba4e92926b7b5f0990634b78ea02f208d04af520c73a7c876d5a8d36cb"},
    {file = "coverage-7.8.2-cp311-cp311-musllinux_1_2_x86_64.whl", hash = "sha256:ef2f22795a7aca99fc3c84393a55a53dd18ab8c93fb431004e4d8f0774150f54"},
    {file = "coverage-7.8.2-cp311-cp311-win32.whl", hash = "sha256:641988828bc18a6368fe72355df5f1703e44411adbe49bba5644b941ce6f2e3a"},
    {file = "coverage-7.8.2-cp311-cp311-win_amd64.whl", hash = "sha256:8ab4a51cb39dc1933ba627e0875046d150e88478dbe22ce145a68393e9652975"},
    {file = "coverage-7.8.2-cp311-cp311-win_arm64.whl", hash = "sha256:8966a821e2083c74d88cca5b7dcccc0a3a888a596a04c0b9668a891de3a0cc53"},
    {file = "coverage-7.8.2-cp312-cp312-macosx_10_13_x86_64.whl", hash = "sha256:e2f6fe3654468d061942591aef56686131335b7a8325684eda85dacdf311356c"},
    {file = "coverage-7.8.2-cp312-cp312-macosx_11_0_arm64.whl", hash = "sha256:76090fab50610798cc05241bf83b603477c40ee87acd358b66196ab0ca44ffa1"},
    {file = "coverage-7.8.2-cp312-cp312-manylinux_2_17_aarch64.manylinux2014_aarch64.whl", hash = "sha256:2bd0a0a5054be160777a7920b731a0570284db5142abaaf81bcbb282b8d99279"},
    {file = "coverage-7.8.2-cp312-cp312-manylinux_2_5_i686.manylinux1_i686.manylinux_2_17_i686.manylinux2014_i686.whl", hash = "sha256:da23ce9a3d356d0affe9c7036030b5c8f14556bd970c9b224f9c8205505e3b99"},
    {file = "coverage-7.8.2-cp312-cp312-manylinux_2_5_x86_64.manylinux1_x86_64.manylinux_2_17_x86_64.manylinux2014_x86_64.whl", hash = "sha256:c9392773cffeb8d7e042a7b15b82a414011e9d2b5fdbbd3f7e6a6b17d5e21b20"},
    {file = "coverage-7.8.2-cp312-cp312-musllinux_1_2_aarch64.whl", hash = "sha256:876cbfd0b09ce09d81585d266c07a32657beb3eaec896f39484b631555be0fe2"},
    {file = "coverage-7.8.2-cp312-cp312-musllinux_1_2_i686.whl", hash = "sha256:3da9b771c98977a13fbc3830f6caa85cae6c9c83911d24cb2d218e9394259c57"},
    {file = "coverage-7.8.2-cp312-cp312-musllinux_1_2_x86_64.whl", hash = "sha256:9a990f6510b3292686713bfef26d0049cd63b9c7bb17e0864f133cbfd2e6167f"},
    {file = "coverage-7.8.2-cp312-cp312-win32.whl", hash = "sha256:bf8111cddd0f2b54d34e96613e7fbdd59a673f0cf5574b61134ae75b6f5a33b8"},
    {file = "coverage-7.8.2-cp312-cp312-win_amd64.whl", hash = "sha256:86a323a275e9e44cdf228af9b71c5030861d4d2610886ab920d9945672a81223"},
    {file = "coverage-7.8.2-cp312-cp312-win_arm64.whl", hash = "sha256:820157de3a589e992689ffcda8639fbabb313b323d26388d02e154164c57b07f"},
    {file = "coverage-7.8.2-cp313-cp313-macosx_10_13_x86_64.whl", hash = "sha256:ea561010914ec1c26ab4188aef8b1567272ef6de096312716f90e5baa79ef8ca"},
    {file = "coverage-7.8.2-cp313-cp313-macosx_11_0_arm64.whl", hash = "sha256:cb86337a4fcdd0e598ff2caeb513ac604d2f3da6d53df2c8e368e07ee38e277d"},
    {file = "coverage-7.8.2-cp313-cp313-manylinux_2_17_aarch64.manylinux2014_aarch64.whl", hash = "sha256:26a4636ddb666971345541b59899e969f3b301143dd86b0ddbb570bd591f1e85"},
    {file = "coverage-7.8.2-cp313-cp313-manylinux_2_5_i686.manylinux1_i686.manylinux_2_17_i686.manylinux2014_i686.whl", hash = "sha256:5040536cf9b13fb033f76bcb5e1e5cb3b57c4807fef37db9e0ed129c6a094257"},
    {file = "coverage-7.8.2-cp313-cp313-manylinux_2_5_x86_64.manylinux1_x86_64.manylinux_2_17_x86_64.manylinux2014_x86_64.whl", hash = "sha256:dc67994df9bcd7e0150a47ef41278b9e0a0ea187caba72414b71dc590b99a108"},
    {file = "coverage-7.8.2-cp313-cp313-musllinux_1_2_aarch64.whl", hash = "sha256:6e6c86888fd076d9e0fe848af0a2142bf606044dc5ceee0aa9eddb56e26895a0"},
    {file = "coverage-7.8.2-cp313-cp313-musllinux_1_2_i686.whl", hash = "sha256:684ca9f58119b8e26bef860db33524ae0365601492e86ba0b71d513f525e7050"},
    {file = "coverage-7.8.2-cp313-cp313-musllinux_1_2_x86_64.whl", hash = "sha256:8165584ddedb49204c4e18da083913bdf6a982bfb558632a79bdaadcdafd0d48"},
    {file = "coverage-7.8.2-cp313-cp313-win32.whl", hash = "sha256:34759ee2c65362163699cc917bdb2a54114dd06d19bab860725f94ef45a3d9b7"},
    {file = "coverage-7.8.2-cp313-cp313-win_amd64.whl", hash = "sha256:2f9bc608fbafaee40eb60a9a53dbfb90f53cc66d3d32c2849dc27cf5638a21e3"},
    {file = "coverage-7.8.2-cp313-cp313-win_arm64.whl", hash = "sha256:9fe449ee461a3b0c7105690419d0b0aba1232f4ff6d120a9e241e58a556733f7"},
    {file = "coverage-7.8.2-cp313-cp313t-macosx_10_13_x86_64.whl", hash = "sha256:8369a7c8ef66bded2b6484053749ff220dbf83cba84f3398c84c51a6f748a008"},
    {file = "coverage-7.8.2-cp313-cp313t-macosx_11_0_arm64.whl", hash = "sha256:159b81df53a5fcbc7d45dae3adad554fdbde9829a994e15227b3f9d816d00b36"},
    {file = "coverage-7.8.2-cp313-cp313t-manylinux_2_17_aarch64.manylinux2014_aarch64.whl", hash = "sha256:e6fcbbd35a96192d042c691c9e0c49ef54bd7ed865846a3c9d624c30bb67ce46"},
    {file = "coverage-7.8.2-cp313-cp313t-manylinux_2_5_i686.manylinux1_i686.manylinux_2_17_i686.manylinux2014_i686.whl", hash = "sha256:05364b9cc82f138cc86128dc4e2e1251c2981a2218bfcd556fe6b0fbaa3501be"},
    {file = "coverage-7.8.2-cp313-cp313t-manylinux_2_5_x86_64.manylinux1_x86_64.manylinux_2_17_x86_64.manylinux2014_x86_64.whl", hash = "sha256:46d532db4e5ff3979ce47d18e2fe8ecad283eeb7367726da0e5ef88e4fe64740"},
    {file = "coverage-7.8.2-cp313-cp313t-musllinux_1_2_aarch64.whl", hash = "sha256:4000a31c34932e7e4fa0381a3d6deb43dc0c8f458e3e7ea6502e6238e10be625"},
    {file = "coverage-7.8.2-cp313-cp313t-musllinux_1_2_i686.whl", hash = "sha256:43ff5033d657cd51f83015c3b7a443287250dc14e69910577c3e03bd2e06f27b"},
    {file = "coverage-7.8.2-cp313-cp313t-musllinux_1_2_x86_64.whl", hash = "sha256:94316e13f0981cbbba132c1f9f365cac1d26716aaac130866ca812006f662199"},
    {file = "coverage-7.8.2-cp313-cp313t-win32.whl", hash = "sha256:3f5673888d3676d0a745c3d0e16da338c5eea300cb1f4ada9c872981265e76d8"},
    {file = "coverage-7.8.2-cp313-cp313t-win_amd64.whl", hash = "sha256:2c08b05ee8d7861e45dc5a2cc4195c8c66dca5ac613144eb6ebeaff2d502e73d"},
    {file = "coverage-7.8.2-cp313-cp313t-win_arm64.whl", hash = "sha256:1e1448bb72b387755e1ff3ef1268a06617afd94188164960dba8d0245a46004b"},
    {file = "coverage-7.8.2-cp39-cp39-macosx_10_9_x86_64.whl", hash = "sha256:496948261eaac5ac9cf43f5d0a9f6eb7a6d4cb3bedb2c5d294138142f5c18f2a"},
    {file = "coverage-7.8.2-cp39-cp39-macosx_11_0_arm64.whl", hash = "sha256:eacd2de0d30871eff893bab0b67840a96445edcb3c8fd915e6b11ac4b2f3fa6d"},
    {file = "coverage-7.8.2-cp39-cp39-manylinux_2_17_aarch64.manylinux2014_aarch64.whl", hash = "sha256:b039ffddc99ad65d5078ef300e0c7eed08c270dc26570440e3ef18beb816c1ca"},
    {file = "coverage-7.8.2-cp39-cp39-manylinux_2_5_i686.manylinux1_i686.manylinux_2_17_i686.manylinux2014_i686.whl", hash = "sha256:0e49824808d4375ede9dd84e9961a59c47f9113039f1a525e6be170aa4f5c34d"},
    {file = "coverage-7.8.2-cp39-cp39-manylinux_2_5_x86_64.manylinux1_x86_64.manylinux_2_17_x86_64.manylinux2014_x86_64.whl", hash = "sha256:b069938961dfad881dc2f8d02b47645cd2f455d3809ba92a8a687bf513839787"},
    {file = "coverage-7.8.2-cp39-cp39-musllinux_1_2_aarch64.whl", hash = "sha256:de77c3ba8bb686d1c411e78ee1b97e6e0b963fb98b1637658dd9ad2c875cf9d7"},
    {file = "coverage-7.8.2-cp39-cp39-musllinux_1_2_i686.whl", hash = "sha256:1676628065a498943bd3f64f099bb573e08cf1bc6088bbe33cf4424e0876f4b3"},
    {file = "coverage-7.8.2-cp39-cp39-musllinux_1_2_x86_64.whl", hash = "sha256:8e1a26e7e50076e35f7afafde570ca2b4d7900a491174ca357d29dece5aacee7"},
    {file = "coverage-7.8.2-cp39-cp39-win32.whl", hash = "sha256:6782a12bf76fa61ad9350d5a6ef5f3f020b57f5e6305cbc663803f2ebd0f270a"},
    {file = "coverage-7.8.2-cp39-cp39-win_amd64.whl", hash = "sha256:1efa4166ba75ccefd647f2d78b64f53f14fb82622bc94c5a5cb0a622f50f1c9e"},
    {file = "coverage-7.8.2-pp39.pp310.pp311-none-any.whl", hash = "sha256:ec455eedf3ba0bbdf8f5a570012617eb305c63cb9f03428d39bf544cb2b94837"},
    {file = "coverage-7.8.2-py3-none-any.whl", hash = "sha256:726f32ee3713f7359696331a18daf0c3b3a70bb0ae71141b9d3c52be7c595e32"},
    {file = "coverage-7.8.2.tar.gz", hash = "sha256:a886d531373a1f6ff9fad2a2ba4a045b68467b779ae729ee0b3b10ac20033b27"},
]

[package.extras]
toml = ["tomli ; python_full_version <= \"3.11.0a6\""]

[[package]]
name = "debugpy"
version = "1.8.14"
description = "An implementation of the Debug Adapter Protocol for Python"
optional = false
python-versions = ">=3.8"
groups = ["main"]
files = [
    {file = "debugpy-1.8.14-cp310-cp310-macosx_14_0_x86_64.whl", hash = "sha256:93fee753097e85623cab1c0e6a68c76308cd9f13ffdf44127e6fab4fbf024339"},
    {file = "debugpy-1.8.14-cp310-cp310-manylinux_2_5_x86_64.manylinux1_x86_64.manylinux_2_17_x86_64.manylinux2014_x86_64.whl", hash = "sha256:3d937d93ae4fa51cdc94d3e865f535f185d5f9748efb41d0d49e33bf3365bd79"},
    {file = "debugpy-1.8.14-cp310-cp310-win32.whl", hash = "sha256:c442f20577b38cc7a9aafecffe1094f78f07fb8423c3dddb384e6b8f49fd2987"},
    {file = "debugpy-1.8.14-cp310-cp310-win_amd64.whl", hash = "sha256:f117dedda6d969c5c9483e23f573b38f4e39412845c7bc487b6f2648df30fe84"},
    {file = "debugpy-1.8.14-cp311-cp311-macosx_14_0_universal2.whl", hash = "sha256:1b2ac8c13b2645e0b1eaf30e816404990fbdb168e193322be8f545e8c01644a9"},
    {file = "debugpy-1.8.14-cp311-cp311-manylinux_2_5_x86_64.manylinux1_x86_64.manylinux_2_17_x86_64.manylinux2014_x86_64.whl", hash = "sha256:cf431c343a99384ac7eab2f763980724834f933a271e90496944195318c619e2"},
    {file = "debugpy-1.8.14-cp311-cp311-win32.whl", hash = "sha256:c99295c76161ad8d507b413cd33422d7c542889fbb73035889420ac1fad354f2"},
    {file = "debugpy-1.8.14-cp311-cp311-win_amd64.whl", hash = "sha256:7816acea4a46d7e4e50ad8d09d963a680ecc814ae31cdef3622eb05ccacf7b01"},
    {file = "debugpy-1.8.14-cp312-cp312-macosx_14_0_universal2.whl", hash = "sha256:8899c17920d089cfa23e6005ad9f22582fd86f144b23acb9feeda59e84405b84"},
    {file = "debugpy-1.8.14-cp312-cp312-manylinux_2_5_x86_64.manylinux1_x86_64.manylinux_2_17_x86_64.manylinux2014_x86_64.whl", hash = "sha256:f6bb5c0dcf80ad5dbc7b7d6eac484e2af34bdacdf81df09b6a3e62792b722826"},
    {file = "debugpy-1.8.14-cp312-cp312-win32.whl", hash = "sha256:281d44d248a0e1791ad0eafdbbd2912ff0de9eec48022a5bfbc332957487ed3f"},
    {file = "debugpy-1.8.14-cp312-cp312-win_amd64.whl", hash = "sha256:5aa56ef8538893e4502a7d79047fe39b1dae08d9ae257074c6464a7b290b806f"},
    {file = "debugpy-1.8.14-cp313-cp313-macosx_14_0_universal2.whl", hash = "sha256:329a15d0660ee09fec6786acdb6e0443d595f64f5d096fc3e3ccf09a4259033f"},
    {file = "debugpy-1.8.14-cp313-cp313-manylinux_2_5_x86_64.manylinux1_x86_64.manylinux_2_17_x86_64.manylinux2014_x86_64.whl", hash = "sha256:0f920c7f9af409d90f5fd26e313e119d908b0dd2952c2393cd3247a462331f15"},
    {file = "debugpy-1.8.14-cp313-cp313-win32.whl", hash = "sha256:3784ec6e8600c66cbdd4ca2726c72d8ca781e94bce2f396cc606d458146f8f4e"},
    {file = "debugpy-1.8.14-cp313-cp313-win_amd64.whl", hash = "sha256:684eaf43c95a3ec39a96f1f5195a7ff3d4144e4a18d69bb66beeb1a6de605d6e"},
    {file = "debugpy-1.8.14-cp38-cp38-macosx_14_0_x86_64.whl", hash = "sha256:d5582bcbe42917bc6bbe5c12db1bffdf21f6bfc28d4554b738bf08d50dc0c8c3"},
    {file = "debugpy-1.8.14-cp38-cp38-manylinux_2_5_x86_64.manylinux1_x86_64.manylinux_2_17_x86_64.manylinux2014_x86_64.whl", hash = "sha256:5349b7c3735b766a281873fbe32ca9cca343d4cc11ba4a743f84cb854339ff35"},
    {file = "debugpy-1.8.14-cp38-cp38-win32.whl", hash = "sha256:7118d462fe9724c887d355eef395fae68bc764fd862cdca94e70dcb9ade8a23d"},
    {file = "debugpy-1.8.14-cp38-cp38-win_amd64.whl", hash = "sha256:d235e4fa78af2de4e5609073972700523e372cf5601742449970110d565ca28c"},
    {file = "debugpy-1.8.14-cp39-cp39-macosx_14_0_x86_64.whl", hash = "sha256:413512d35ff52c2fb0fd2d65e69f373ffd24f0ecb1fac514c04a668599c5ce7f"},
    {file = "debugpy-1.8.14-cp39-cp39-manylinux_2_5_x86_64.manylinux1_x86_64.manylinux_2_17_x86_64.manylinux2014_x86_64.whl", hash = "sha256:4c9156f7524a0d70b7a7e22b2e311d8ba76a15496fb00730e46dcdeedb9e1eea"},
    {file = "debugpy-1.8.14-cp39-cp39-win32.whl", hash = "sha256:b44985f97cc3dd9d52c42eb59ee9d7ee0c4e7ecd62bca704891f997de4cef23d"},
    {file = "debugpy-1.8.14-cp39-cp39-win_amd64.whl", hash = "sha256:b1528cfee6c1b1c698eb10b6b096c598738a8238822d218173d21c3086de8123"},
    {file = "debugpy-1.8.14-py2.py3-none-any.whl", hash = "sha256:5cd9a579d553b6cb9759a7908a41988ee6280b961f24f63336835d9418216a20"},
    {file = "debugpy-1.8.14.tar.gz", hash = "sha256:7cd287184318416850aa8b60ac90105837bb1e59531898c07569d197d2ed5322"},
]

[[package]]
name = "executing"
version = "2.2.0"
description = "Get the currently executing AST node of a frame, and other information"
optional = false
python-versions = ">=3.8"
groups = ["main"]
files = [
    {file = "executing-2.2.0-py2.py3-none-any.whl", hash = "sha256:11387150cad388d62750327a53d3339fad4888b39a6fe233c3afbb54ecffd3aa"},
    {file = "executing-2.2.0.tar.gz", hash = "sha256:5d108c028108fe2551d1a7b2e8b713341e2cb4fc0aa7dcf966fa4327a5226755"},
]

[package.extras]
tests = ["asttokens (>=2.1.0)", "coverage", "coverage-enable-subprocess", "ipython", "littleutils", "pytest", "rich ; python_version >= \"3.11\""]

[[package]]
name = "find-libpython"
version = "0.4.0"
description = "Finds the libpython associated with your environment, wherever it may be hiding"
optional = false
python-versions = "*"
groups = ["main"]
files = [
    {file = "find_libpython-0.4.0-py3-none-any.whl", hash = "sha256:034a4253bd57da3408aefc59aeac1650150f6c1f42e10fdd31615cf1df0842e3"},
    {file = "find_libpython-0.4.0.tar.gz", hash = "sha256:46f9cdcd397ddb563b2d7592ded3796a41c1df5222443bd9d981721c906c03e6"},
]

[[package]]
name = "icecream"
version = "2.1.4"
description = "Never use print() to debug again; inspect variables, expressions, and program execution with a single, simple function call."
optional = false
python-versions = "*"
groups = ["main"]
files = [
    {file = "icecream-2.1.4-py3-none-any.whl", hash = "sha256:7bb715f69102cae871b3a361c3b656536db02cfcadac9664c673581cac4df4fd"},
    {file = "icecream-2.1.4.tar.gz", hash = "sha256:58755e58397d5350a76f25976dee7b607f5febb3c6e1cddfe6b1951896e91573"},
]

[package.dependencies]
asttokens = ">=2.0.1"
colorama = ">=0.3.9"
executing = ">=2.1.0"
pygments = ">=2.2.0"

[[package]]
name = "iniconfig"
version = "2.1.0"
description = "brain-dead simple config-ini parsing"
optional = false
python-versions = ">=3.8"
groups = ["main"]
files = [
    {file = "iniconfig-2.1.0-py3-none-any.whl", hash = "sha256:9deba5723312380e77435581c6bf4935c94cbfab9b1ed33ef8d238ea168eb760"},
    {file = "iniconfig-2.1.0.tar.gz", hash = "sha256:3abbd2e30b36733fee78f9c7f7308f2d0050e88f0087fd25c2645f63c773e1c7"},
]

[[package]]
name = "packaging"
version = "25.0"
description = "Core utilities for Python packages"
optional = false
python-versions = ">=3.8"
groups = ["main"]
files = [
    {file = "packaging-25.0-py3-none-any.whl", hash = "sha256:29572ef2b1f17581046b3a2227d5c611fb25ec70ca1ba8554b24b0e69331a484"},
    {file = "packaging-25.0.tar.gz", hash = "sha256:d443872c98d677bf60f6a1f2f8c1cb748e8fe762d2bf9d3148b5599295b0fc4f"},
]

[[package]]
name = "pluggy"
version = "1.6.0"
description = "plugin and hook calling mechanisms for python"
optional = false
python-versions = ">=3.9"
groups = ["main"]
files = [
    {file = "pluggy-1.6.0-py3-none-any.whl", hash = "sha256:e920276dd6813095e9377c0bc5566d94c932c33b27a3e3945d8389c374dd4746"},
    {file = "pluggy-1.6.0.tar.gz", hash = "sha256:7dcc130b76258d33b90f61b658791dede3486c3e6bfb003ee5c9bfb396dd22f3"},
]

[package.extras]
dev = ["pre-commit", "tox"]
testing = ["coverage", "pytest", "pytest-benchmark"]

[[package]]
name = "pygments"
version = "2.19.1"
description = "Pygments is a syntax highlighting package written in Python."
optional = false
python-versions = ">=3.8"
groups = ["main"]
files = [
    {file = "pygments-2.19.1-py3-none-any.whl", hash = "sha256:9ea1544ad55cecf4b8242fab6dd35a93bbce657034b0611ee383099054ab6d8c"},
    {file = "pygments-2.19.1.tar.gz", hash = "sha256:61c16d2a8576dc0649d9f39e089b5f02bcd27fba10d8fb4dcc28173f7a45151f"},
]

[package.extras]
windows-terminal = ["colorama (>=0.4.6)"]

[[package]]
name = "pytest"
version = "8.3.5"
description = "pytest: simple powerful testing with Python"
optional = false
python-versions = ">=3.8"
groups = ["main"]
files = [
    {file = "pytest-8.3.5-py3-none-any.whl", hash = "sha256:c69214aa47deac29fad6c2a4f590b9c4a9fdb16a403176fe154b79c0b4d4d820"},
    {file = "pytest-8.3.5.tar.gz", hash = "sha256:f4efe70cc14e511565ac476b57c279e12a855b11f48f212af1080ef2263d3845"},
]

[package.dependencies]
colorama = {version = "*", markers = "sys_platform == \"win32\""}
iniconfig = "*"
packaging = "*"
pluggy = ">=1.5,<2"

[package.extras]
dev = ["argcomplete", "attrs (>=19.2)", "hypothesis (>=3.56)", "mock", "pygments (>=2.7.2)", "requests", "setuptools", "xmlschema"]

[[package]]
name = "pytest-cov"
version = "6.1.1"
description = "Pytest plugin for measuring coverage."
optional = false
python-versions = ">=3.9"
groups = ["main"]
files = [
    {file = "pytest_cov-6.1.1-py3-none-any.whl", hash = "sha256:bddf29ed2d0ab6f4df17b4c55b0a657287db8684af9c42ea546b21b1041b3dde"},
    {file = "pytest_cov-6.1.1.tar.gz", hash = "sha256:46935f7aaefba760e716c2ebfbe1c216240b9592966e7da99ea8292d4d3e2a0a"},
]

[package.dependencies]
coverage = {version = ">=7.5", extras = ["toml"]}
pytest = ">=4.6"

[package.extras]
testing = ["fields", "hunter", "process-tests", "pytest-xdist", "virtualenv"]

[metadata]
lock-version = "2.1"
python-versions = "^3.12"
content-hash = "2f67733141f02f3950ca29e2695c0bf8cb6a86e491d9502e221efa3ca222aaf9"
